
Microsoft Visual Studio Solution File, Format Version 12.00
# Visual Studio Version 16
VisualStudioVersion = 16.0.30523.141
MinimumVisualStudioVersion = 10.0.40219.1
Project("{FAE04EC0-301F-11D3-BF4B-00C04F79EFBC}") = "SimpleChat.Dal", "SimpleChat.Dal\SimpleChat.Dal.csproj", "{04CC1248-EE8F-486A-A4BD-324703589128}"
EndProject
Project("{FAE04EC0-301F-11D3-BF4B-00C04F79EFBC}") = "SimpleChat.Bll", "SimpleChat.Bll\SimpleChat.Bll.csproj", "{E03BFDCE-D017-4EA6-AD3D-EDA258A057A7}"
EndProject
Global
	GlobalSection(SolutionConfigurationPlatforms) = preSolution
		Debug|Any CPU = Debug|Any CPU
		Release|Any CPU = Release|Any CPU
	EndGlobalSection
	GlobalSection(ProjectConfigurationPlatforms) = postSolution
		{04CC1248-EE8F-486A-A4BD-324703589128}.Debug|Any CPU.ActiveCfg = Debug|Any CPU
		{04CC1248-EE8F-486A-A4BD-324703589128}.Debug|Any CPU.Build.0 = Debug|Any CPU
		{04CC1248-EE8F-486A-A4BD-324703589128}.Release|Any CPU.ActiveCfg = Release|Any CPU
		{04CC1248-EE8F-486A-A4BD-324703589128}.Release|Any CPU.Build.0 = Release|Any CPU
		{E03BFDCE-D017-4EA6-AD3D-EDA258A057A7}.Debug|Any CPU.ActiveCfg = Debug|Any CPU
		{E03BFDCE-D017-4EA6-AD3D-EDA258A057A7}.Debug|Any CPU.Build.0 = Debug|Any CPU
		{E03BFDCE-D017-4EA6-AD3D-EDA258A057A7}.Release|Any CPU.ActiveCfg = Release|Any CPU
		{E03BFDCE-D017-4EA6-AD3D-EDA258A057A7}.Release|Any CPU.Build.0 = Release|Any CPU
	EndGlobalSection
	GlobalSection(SolutionProperties) = preSolution
		HideSolutionNode = FALSE
	EndGlobalSection
	GlobalSection(ExtensibilityGlobals) = postSolution
		SolutionGuid = {9721FDD4-2120-4849-8018-18114C904766}
	EndGlobalSection
EndGlobal
