
Microsoft Visual Studio Solution File, Format Version 12.00
# Visual Studio Version 16
VisualStudioVersion = 16.0.30523.141
MinimumVisualStudioVersion = 10.0.40219.1
Project("{9A19103F-16F7-4668-BE54-9A1E7A4F7556}") = "SimpleChat.Dal", "SimpleChat.Dal\SimpleChat.Dal.csproj", "{04CC1248-EE8F-486A-A4BD-324703589128}"
EndProject
Project("{9A19103F-16F7-4668-BE54-9A1E7A4F7556}") = "SimpleChat.Bll", "SimpleChat.Bll\SimpleChat.Bll.csproj", "{E03BFDCE-D017-4EA6-AD3D-EDA258A057A7}"
EndProject
Project("{9A19103F-16F7-4668-BE54-9A1E7A4F7556}") = "SimpleChat.Shared", "SimpleChat.Shared\SimpleChat.Shared.csproj", "{836FD93A-E5C3-4803-A248-90488DD77844}"
EndProject
Project("{9A19103F-16F7-4668-BE54-9A1E7A4F7556}") = "SimpleChat.Server", "SimpleChat.Server\SimpleChat.Server.csproj", "{C3057439-7233-44BF-8A36-45936BAF7A10}"
EndProject
Project("{9A19103F-16F7-4668-BE54-9A1E7A4F7556}") = "SimpleChat.Client", "SimpleChat.Client\SimpleChat.Client.csproj", "{600D7D27-5E38-446B-A3A2-A602DE843CF1}"
EndProject
Global
	GlobalSection(SolutionConfigurationPlatforms) = preSolution
		Debug|Any CPU = Debug|Any CPU
		Release|Any CPU = Release|Any CPU
	EndGlobalSection
	GlobalSection(ProjectConfigurationPlatforms) = postSolution
		{04CC1248-EE8F-486A-A4BD-324703589128}.Debug|Any CPU.ActiveCfg = Debug|Any CPU
		{04CC1248-EE8F-486A-A4BD-324703589128}.Debug|Any CPU.Build.0 = Debug|Any CPU
		{04CC1248-EE8F-486A-A4BD-324703589128}.Release|Any CPU.ActiveCfg = Release|Any CPU
		{04CC1248-EE8F-486A-A4BD-324703589128}.Release|Any CPU.Build.0 = Release|Any CPU
		{E03BFDCE-D017-4EA6-AD3D-EDA258A057A7}.Debug|Any CPU.ActiveCfg = Debug|Any CPU
		{E03BFDCE-D017-4EA6-AD3D-EDA258A057A7}.Debug|Any CPU.Build.0 = Debug|Any CPU
		{E03BFDCE-D017-4EA6-AD3D-EDA258A057A7}.Release|Any CPU.ActiveCfg = Release|Any CPU
		{E03BFDCE-D017-4EA6-AD3D-EDA258A057A7}.Release|Any CPU.Build.0 = Release|Any CPU
		{836FD93A-E5C3-4803-A248-90488DD77844}.Debug|Any CPU.ActiveCfg = Debug|Any CPU
		{836FD93A-E5C3-4803-A248-90488DD77844}.Debug|Any CPU.Build.0 = Debug|Any CPU
		{836FD93A-E5C3-4803-A248-90488DD77844}.Release|Any CPU.ActiveCfg = Release|Any CPU
		{836FD93A-E5C3-4803-A248-90488DD77844}.Release|Any CPU.Build.0 = Release|Any CPU
		{C3057439-7233-44BF-8A36-45936BAF7A10}.Debug|Any CPU.ActiveCfg = Debug|Any CPU
		{C3057439-7233-44BF-8A36-45936BAF7A10}.Debug|Any CPU.Build.0 = Debug|Any CPU
		{C3057439-7233-44BF-8A36-45936BAF7A10}.Release|Any CPU.ActiveCfg = Release|Any CPU
		{C3057439-7233-44BF-8A36-45936BAF7A10}.Release|Any CPU.Build.0 = Release|Any CPU
		{600D7D27-5E38-446B-A3A2-A602DE843CF1}.Debug|Any CPU.ActiveCfg = Debug|Any CPU
		{600D7D27-5E38-446B-A3A2-A602DE843CF1}.Debug|Any CPU.Build.0 = Debug|Any CPU
		{600D7D27-5E38-446B-A3A2-A602DE843CF1}.Release|Any CPU.ActiveCfg = Release|Any CPU
		{600D7D27-5E38-446B-A3A2-A602DE843CF1}.Release|Any CPU.Build.0 = Release|Any CPU
	EndGlobalSection
	GlobalSection(SolutionProperties) = preSolution
		HideSolutionNode = FALSE
	EndGlobalSection
	GlobalSection(ExtensibilityGlobals) = postSolution
		SolutionGuid = {9721FDD4-2120-4849-8018-18114C904766}
	EndGlobalSection
EndGlobal
